// !$*UTF8*$!
{
	archiveVersion = 1;
	classes = {
	};
	objectVersion = 77;
	objects = {

/* Begin PBXContainerItemProxy section */
		D8450CE02D0024BC00AEF539 /* PBXContainerItemProxy */ = {
			isa = PBXContainerItemProxy;
			containerPortal = D8450CC12D0024BB00AEF539 /* Project object */;
			proxyType = 1;
			remoteGlobalIDString = D8450CC82D0024BB00AEF539;
			remoteInfo = EventMate;
		};
		D8450CEA2D0024BD00AEF539 /* PBXContainerItemProxy */ = {
			isa = PBXContainerItemProxy;
			containerPortal = D8450CC12D0024BB00AEF539 /* Project object */;
			proxyType = 1;
			remoteGlobalIDString = D8450CC82D0024BB00AEF539;
			remoteInfo = EventMate;
		};
/* End PBXContainerItemProxy section */

/* Begin PBXFileReference section */
		D8450CC92D0024BB00AEF539 /* EventMate.app */ = {isa = PBXFileReference; explicitFileType = wrapper.application; includeInIndex = 0; path = EventMate.app; sourceTree = BUILT_PRODUCTS_DIR; };
		D8450CDF2D0024BC00AEF539 /* EventMateTests.xctest */ = {isa = PBXFileReference; explicitFileType = wrapper.cfbundle; includeInIndex = 0; path = EventMateTests.xctest; sourceTree = BUILT_PRODUCTS_DIR; };
		D8450CE92D0024BD00AEF539 /* EventMateUITests.xctest */ = {isa = PBXFileReference; explicitFileType = wrapper.cfbundle; includeInIndex = 0; path = EventMateUITests.xctest; sourceTree = BUILT_PRODUCTS_DIR; };
/* End PBXFileReference section */

/* Begin PBXFileSystemSynchronizedBuildFileExceptionSet section */
		D8450CF12D0024BD00AEF539 /* Exceptions for "EventMate" folder in "EventMate" target */ = {
			isa = PBXFileSystemSynchronizedBuildFileExceptionSet;
			membershipExceptions = (
				Info.plist,
			);
			target = D8450CC82D0024BB00AEF539 /* EventMate */;
		};
/* End PBXFileSystemSynchronizedBuildFileExceptionSet section */

/* Begin PBXFileSystemSynchronizedRootGroup section */
		D8450CCB2D0024BB00AEF539 /* EventMate */ = {
			isa = PBXFileSystemSynchronizedRootGroup;
			exceptions = (
				D8450CF12D0024BD00AEF539 /* Exceptions for "EventMate" folder in "EventMate" target */,
			);
			path = EventMate;
			sourceTree = "<group>";
		};
		D8450CE22D0024BC00AEF539 /* EventMateTests */ = {
			isa = PBXFileSystemSynchronizedRootGroup;
			path = EventMateTests;
			sourceTree = "<group>";
		};
		D8450CEC2D0024BD00AEF539 /* EventMateUITests */ = {
			isa = PBXFileSystemSynchronizedRootGroup;
			path = EventMateUITests;
			sourceTree = "<group>";
		};
/* End PBXFileSystemSynchronizedRootGroup section */

/* Begin PBXFrameworksBuildPhase section */
		D8450CC62D0024BB00AEF539 /* Frameworks */ = {
			isa = PBXFrameworksBuildPhase;
			buildActionMask = 2147483647;
			files = (
			);
			runOnlyForDeploymentPostprocessing = 0;
		};
		D8450CDC2D0024BC00AEF539 /* Frameworks */ = {
			isa = PBXFrameworksBuildPhase;
			buildActionMask = 2147483647;
			files = (
			);
			runOnlyForDeploymentPostprocessing = 0;
		};
		D8450CE62D0024BD00AEF539 /* Frameworks */ = {
			isa = PBXFrameworksBuildPhase;
			buildActionMask = 2147483647;
			files = (
			);
			runOnlyForDeploymentPostprocessing = 0;
		};
/* End PBXFrameworksBuildPhase section */

/* Begin PBXGroup section */
		D8450CC02D0024BB00AEF539 = {
			isa = PBXGroup;
			children = (
				D8450CCB2D0024BB00AEF539 /* EventMate */,
				D8450CE22D0024BC00AEF539 /* EventMateTests */,
				D8450CEC2D0024BD00AEF539 /* EventMateUITests */,
				D8450CCA2D0024BB00AEF539 /* Products */,
			);
			sourceTree = "<group>";
		};
		D8450CCA2D0024BB00AEF539 /* Products */ = {
			isa = PBXGroup;
			children = (
				D8450CC92D0024BB00AEF539 /* EventMate.app */,
				D8450CDF2D0024BC00AEF539 /* EventMateTests.xctest */,
				D8450CE92D0024BD00AEF539 /* EventMateUITests.xctest */,
			);
			name = Products;
			sourceTree = "<group>";
		};
/* End PBXGroup section */

/* Begin PBXNativeTarget section */
		D8450CC82D0024BB00AEF539 /* EventMate */ = {
			isa = PBXNativeTarget;
			buildConfigurationList = D8450CF22D0024BD00AEF539 /* Build configuration list for PBXNativeTarget "EventMate" */;
			buildPhases = (
				D8450CC52D0024BB00AEF539 /* Sources */,
				D8450CC62D0024BB00AEF539 /* Frameworks */,
				D8450CC72D0024BB00AEF539 /* Resources */,
			);
			buildRules = (
			);
			dependencies = (
			);
			fileSystemSynchronizedGroups = (
				D8450CCB2D0024BB00AEF539 /* EventMate */,
			);
			name = EventMate;
			packageProductDependencies = (
			);
			productName = EventMate;
			productReference = D8450CC92D0024BB00AEF539 /* EventMate.app */;
			productType = "com.apple.product-type.application";
		};
		D8450CDE2D0024BC00AEF539 /* EventMateTests */ = {
			isa = PBXNativeTarget;
			buildConfigurationList = D8450CF72D0024BD00AEF539 /* Build configuration list for PBXNativeTarget "EventMateTests" */;
			buildPhases = (
				D8450CDB2D0024BC00AEF539 /* Sources */,
				D8450CDC2D0024BC00AEF539 /* Frameworks */,
				D8450CDD2D0024BC00AEF539 /* Resources */,
			);
			buildRules = (
			);
			dependencies = (
				D8450CE12D0024BC00AEF539 /* PBXTargetDependency */,
			);
			fileSystemSynchronizedGroups = (
				D8450CE22D0024BC00AEF539 /* EventMateTests */,
			);
			name = EventMateTests;
			packageProductDependencies = (
			);
			productName = EventMateTests;
			productReference = D8450CDF2D0024BC00AEF539 /* EventMateTests.xctest */;
			productType = "com.apple.product-type.bundle.unit-test";
		};
		D8450CE82D0024BD00AEF539 /* EventMateUITests */ = {
			isa = PBXNativeTarget;
			buildConfigurationList = D8450CFA2D0024BD00AEF539 /* Build configuration list for PBXNativeTarget "EventMateUITests" */;
			buildPhases = (
				D8450CE52D0024BD00AEF539 /* Sources */,
				D8450CE62D0024BD00AEF539 /* Frameworks */,
				D8450CE72D0024BD00AEF539 /* Resources */,
			);
			buildRules = (
			);
			dependencies = (
				D8450CEB2D0024BD00AEF539 /* PBXTargetDependency */,
			);
			fileSystemSynchronizedGroups = (
				D8450CEC2D0024BD00AEF539 /* EventMateUITests */,
			);
			name = EventMateUITests;
			packageProductDependencies = (
			);
			productName = EventMateUITests;
			productReference = D8450CE92D0024BD00AEF539 /* EventMateUITests.xctest */;
			productType = "com.apple.product-type.bundle.ui-testing";
		};
/* End PBXNativeTarget section */

/* Begin PBXProject section */
		D8450CC12D0024BB00AEF539 /* Project object */ = {
			isa = PBXProject;
			attributes = {
				BuildIndependentTargetsInParallel = 1;
				LastSwiftUpdateCheck = 1610;
				LastUpgradeCheck = 1610;
				TargetAttributes = {
					D8450CC82D0024BB00AEF539 = {
						CreatedOnToolsVersion = 16.1;
					};
					D8450CDE2D0024BC00AEF539 = {
						CreatedOnToolsVersion = 16.1;
						TestTargetID = D8450CC82D0024BB00AEF539;
					};
					D8450CE82D0024BD00AEF539 = {
						CreatedOnToolsVersion = 16.1;
						TestTargetID = D8450CC82D0024BB00AEF539;
					};
				};
			};
			buildConfigurationList = D8450CC42D0024BB00AEF539 /* Build configuration list for PBXProject "EventMate" */;
			developmentRegion = en;
			hasScannedForEncodings = 0;
			knownRegions = (
				en,
				Base,
			);
			mainGroup = D8450CC02D0024BB00AEF539;
			minimizedProjectReferenceProxies = 1;
			preferredProjectObjectVersion = 77;
			productRefGroup = D8450CCA2D0024BB00AEF539 /* Products */;
			projectDirPath = "";
			projectRoot = "";
			targets = (
				D8450CC82D0024BB00AEF539 /* EventMate */,
				D8450CDE2D0024BC00AEF539 /* EventMateTests */,
				D8450CE82D0024BD00AEF539 /* EventMateUITests */,
			);
		};
/* End PBXProject section */

/* Begin PBXResourcesBuildPhase section */
		D8450CC72D0024BB00AEF539 /* Resources */ = {
			isa = PBXResourcesBuildPhase;
			buildActionMask = 2147483647;
			files = (
			);
			runOnlyForDeploymentPostprocessing = 0;
		};
		D8450CDD2D0024BC00AEF539 /* Resources */ = {
			isa = PBXResourcesBuildPhase;
			buildActionMask = 2147483647;
			files = (
			);
			runOnlyForDeploymentPostprocessing = 0;
		};
		D8450CE72D0024BD00AEF539 /* Resources */ = {
			isa = PBXResourcesBuildPhase;
			buildActionMask = 2147483647;
			files = (
			);
			runOnlyForDeploymentPostprocessing = 0;
		};
/* End PBXResourcesBuildPhase section */

/* Begin PBXSourcesBuildPhase section */
		D8450CC52D0024BB00AEF539 /* Sources */ = {
			isa = PBXSourcesBuildPhase;
			buildActionMask = 2147483647;
			files = (
			);
			runOnlyForDeploymentPostprocessing = 0;
		};
		D8450CDB2D0024BC00AEF539 /* Sources */ = {
			isa = PBXSourcesBuildPhase;
			buildActionMask = 2147483647;
			files = (
			);
			runOnlyForDeploymentPostprocessing = 0;
		};
		D8450CE52D0024BD00AEF539 /* Sources */ = {
			isa = PBXSourcesBuildPhase;
			buildActionMask = 2147483647;
			files = (
			);
			runOnlyForDeploymentPostprocessing = 0;
		};
/* End PBXSourcesBuildPhase section */

/* Begin PBXTargetDependency section */
		D8450CE12D0024BC00AEF539 /* PBXTargetDependency */ = {
			isa = PBXTargetDependency;
			target = D8450CC82D0024BB00AEF539 /* EventMate */;
			targetProxy = D8450CE02D0024BC00AEF539 /* PBXContainerItemProxy */;
		};
		D8450CEB2D0024BD00AEF539 /* PBXTargetDependency */ = {
			isa = PBXTargetDependency;
			target = D8450CC82D0024BB00AEF539 /* EventMate */;
			targetProxy = D8450CEA2D0024BD00AEF539 /* PBXContainerItemProxy */;
		};
/* End PBXTargetDependency section */

/* Begin XCBuildConfiguration section */
		D8450CF32D0024BD00AEF539 /* Debug */ = {
			isa = XCBuildConfiguration;
			buildSettings = {
				ASSETCATALOG_COMPILER_APPICON_NAME = AppIcon;
				ASSETCATALOG_COMPILER_GLOBAL_ACCENT_COLOR_NAME = AccentColor;
				CODE_SIGN_STYLE = Automatic;
				CURRENT_PROJECT_VERSION = 1;
				GENERATE_INFOPLIST_FILE = YES;
				INFOPLIST_FILE = EventMate/Info.plist;
				INFOPLIST_KEY_UIApplicationSupportsIndirectInputEvents = YES;
				INFOPLIST_KEY_UILaunchStoryboardName = LaunchScreen;
				INFOPLIST_KEY_UIMainStoryboardFile = Main;
				INFOPLIST_KEY_UISupportedInterfaceOrientations_iPad = "UIInterfaceOrientationPortrait UIInterfaceOrientationPortraitUpsideDown UIInterfaceOrientationLandscapeLeft UIInterfaceOrientationLandscapeRight";
				INFOPLIST_KEY_UISupportedInterfaceOrientations_iPhone = "UIInterfaceOrientationPortrait UIInterfaceOrientationLandscapeLeft UIInterfaceOrientationLandscapeRight";
				LD_RUNPATH_SEARCH_PATHS = (
					"$(inherited)",
					"@executable_path/Frameworks",
				);
				MARKETING_VERSION = 1.0;
				PRODUCT_BUNDLE_IDENTIFIER = com.table.in.EventMate;
				PRODUCT_NAME = "$(TARGET_NAME)";
				SWIFT_EMIT_LOC_STRINGS = YES;
				SWIFT_VERSION = 5.0;
				TARGETED_DEVICE_FAMILY = "1,2";
			};
			name = Debug;
		};
		D8450CF42D0024BD00AEF539 /* Release */ = {
			isa = XCBuildConfiguration;
			buildSettings = {
				ASSETCATALOG_COMPILER_APPICON_NAME = AppIcon;
				ASSETCATALOG_COMPILER_GLOBAL_ACCENT_COLOR_NAME = AccentColor;
				CODE_SIGN_STYLE = Automatic;
				CURRENT_PROJECT_VERSION = 1;
				GENERATE_INFOPLIST_FILE = YES;
				INFOPLIST_FILE = EventMate/Info.plist;
				INFOPLIST_KEY_UIApplicationSupportsIndirectInputEvents = YES;
				INFOPLIST_KEY_UILaunchStoryboardName = LaunchScreen;
				INFOPLIST_KEY_UIMainStoryboardFile = Main;
				INFOPLIST_KEY_UISupportedInterfaceOrientations_iPad = "UIInterfaceOrientationPortrait UIInterfaceOrientationPortraitUpsideDown UIInterfaceOrientationLandscapeLeft UIInterfaceOrientationLandscapeRight";
				INFOPLIST_KEY_UISupportedInterfaceOrientations_iPhone = "UIInterfaceOrientationPortrait UIInterfaceOrientationLandscapeLeft UIInterfaceOrientationLandscapeRight";
				LD_RUNPATH_SEARCH_PATHS = (
					"$(inherited)",
					"@executable_path/Frameworks",
				);
				MARKETING_VERSION = 1.0;
				PRODUCT_BUNDLE_IDENTIFIER = com.table.in.EventMate;
				PRODUCT_NAME = "$(TARGET_NAME)";
				SWIFT_EMIT_LOC_STRINGS = YES;
				SWIFT_VERSION = 5.0;
				TARGETED_DEVICE_FAMILY = "1,2";
			};
			name = Release;
		};
		D8450CF52D0024BD00AEF539 /* Debug */ = {
			isa = XCBuildConfiguration;
			buildSettings = {
				ALWAYS_SEARCH_USER_PATHS = NO;
				ASSETCATALOG_COMPILER_GENERATE_SWIFT_ASSET_SYMBOL_EXTENSIONS = YES;
				CLANG_ANALYZER_NONNULL = YES;
				CLANG_ANALYZER_NUMBER_OBJECT_CONVERSION = YES_AGGRESSIVE;
				CLANG_CXX_LANGUAGE_STANDARD = "gnu++20";
				CLANG_ENABLE_MODULES = YES;
				CLANG_ENABLE_OBJC_ARC = YES;
				CLANG_ENABLE_OBJC_WEAK = YES;
				CLANG_WARN_BLOCK_CAPTURE_AUTORELEASING = YES;
				CLANG_WARN_BOOL_CONVERSION = YES;
				CLANG_WARN_COMMA = YES;
				CLANG_WARN_CONSTANT_CONVERSION = YES;
				CLANG_WARN_DEPRECATED_OBJC_IMPLEMENTATIONS = YES;
				CLANG_WARN_DIRECT_OBJC_ISA_USAGE = YES_ERROR;
				CLANG_WARN_DOCUMENTATION_COMMENTS = YES;
				CLANG_WARN_EMPTY_BODY = YES;
				CLANG_WARN_ENUM_CONVERSION = YES;
				CLANG_WARN_INFINITE_RECURSION = YES;
				CLANG_WARN_INT_CONVERSION = YES;
				CLANG_WARN_NON_LITERAL_NULL_CONVERSION = YES;
				CLANG_WARN_OBJC_IMPLICIT_RETAIN_SELF = YES;
				CLANG_WARN_OBJC_LITERAL_CONVERSION = YES;
				CLANG_WARN_OBJC_ROOT_CLASS = YES_ERROR;
				CLANG_WARN_QUOTED_INCLUDE_IN_FRAMEWORK_HEADER = YES;
				CLANG_WARN_RANGE_LOOP_ANALYSIS = YES;
				CLANG_WARN_STRICT_PROTOTYPES = YES;
				CLANG_WARN_SUSPICIOUS_MOVE = YES;
				CLANG_WARN_UNGUARDED_AVAILABILITY = YES_AGGRESSIVE;
				CLANG_WARN_UNREACHABLE_CODE = YES;
				CLANG_WARN__DUPLICATE_METHOD_MATCH = YES;
				COPY_PHASE_STRIP = NO;
				DEBUG_INFORMATION_FORMAT = dwarf;
				ENABLE_STRICT_OBJC_MSGSEND = YES;
				ENABLE_TESTABILITY = YES;
				ENABLE_USER_SCRIPT_SANDBOXING = YES;
				GCC_C_LANGUAGE_STANDARD = gnu17;
				GCC_DYNAMIC_NO_PIC = NO;
				GCC_NO_COMMON_BLOCKS = YES;
				GCC_OPTIMIZATION_LEVEL = 0;
				GCC_PREPROCESSOR_DEFINITIONS = (
					"DEBUG=1",
					"$(inherited)",
				);
				GCC_WARN_64_TO_32_BIT_CONVERSION = YES;
				GCC_WARN_ABOUT_RETURN_TYPE = YES_ERROR;
				GCC_WARN_UNDECLARED_SELECTOR = YES;
				GCC_WARN_UNINITIALIZED_AUTOS = YES_AGGRESSIVE;
				GCC_WARN_UNUSED_FUNCTION = YES;
				GCC_WARN_UNUSED_VARIABLE = YES;
				IPHONEOS_DEPLOYMENT_TARGET = 18.1;
				LOCALIZATION_PREFERS_STRING_CATALOGS = YES;
				MTL_ENABLE_DEBUG_INFO = INCLUDE_SOURCE;
				MTL_FAST_MATH = YES;
				ONLY_ACTIVE_ARCH = YES;
				SDKROOT = iphoneos;
				SWIFT_ACTIVE_COMPILATION_CONDITIONS = "DEBUG $(inherited)";
				SWIFT_OPTIMIZATION_LEVEL = "-Onone";
			};
			name = Debug;
		};
		D8450CF62D0024BD00AEF539 /* Release */ = {
			isa = XCBuildConfiguration;
			buildSettings = {
				ALWAYS_SEARCH_USER_PATHS = NO;
				ASSETCATALOG_COMPILER_GENERATE_SWIFT_ASSET_SYMBOL_EXTENSIONS = YES;
				CLANG_ANALYZER_NONNULL = YES;
				CLANG_ANALYZER_NUMBER_OBJECT_CONVERSION = YES_AGGRESSIVE;
				CLANG_CXX_LANGUAGE_STANDARD = "gnu++20";
				CLANG_ENABLE_MODULES = YES;
				CLANG_ENABLE_OBJC_ARC = YES;
				CLANG_ENABLE_OBJC_WEAK = YES;
				CLANG_WARN_BLOCK_CAPTURE_AUTORELEASING = YES;
				CLANG_WARN_BOOL_CONVERSION = YES;
				CLANG_WARN_COMMA = YES;
				CLANG_WARN_CONSTANT_CONVERSION = YES;
				CLANG_WARN_DEPRECATED_OBJC_IMPLEMENTATIONS = YES;
				CLANG_WARN_DIRECT_OBJC_ISA_USAGE = YES_ERROR;
				CLANG_WARN_DOCUMENTATION_COMMENTS = YES;
				CLANG_WARN_EMPTY_BODY = YES;
				CLANG_WARN_ENUM_CONVERSION = YES;
				CLANG_WARN_INFINITE_RECURSION = YES;
				CLANG_WARN_INT_CONVERSION = YES;
				CLANG_WARN_NON_LITERAL_NULL_CONVERSION = YES;
				CLANG_WARN_OBJC_IMPLICIT_RETAIN_SELF = YES;
				CLANG_WARN_OBJC_LITERAL_CONVERSION = YES;
				CLANG_WARN_OBJC_ROOT_CLASS = YES_ERROR;
				CLANG_WARN_QUOTED_INCLUDE_IN_FRAMEWORK_HEADER = YES;
				CLANG_WARN_RANGE_LOOP_ANALYSIS = YES;
				CLANG_WARN_STRICT_PROTOTYPES = YES;
				CLANG_WARN_SUSPICIOUS_MOVE = YES;
				CLANG_WARN_UNGUARDED_AVAILABILITY = YES_AGGRESSIVE;
				CLANG_WARN_UNREACHABLE_CODE = YES;
				CLANG_WARN__DUPLICATE_METHOD_MATCH = YES;
				COPY_PHASE_STRIP = NO;
				DEBUG_INFORMATION_FORMAT = "dwarf-with-dsym";
				ENABLE_NS_ASSERTIONS = NO;
				ENABLE_STRICT_OBJC_MSGSEND = YES;
				ENABLE_USER_SCRIPT_SANDBOXING = YES;
				GCC_C_LANGUAGE_STANDARD = gnu17;
				GCC_NO_COMMON_BLOCKS = YES;
				GCC_WARN_64_TO_32_BIT_CONVERSION = YES;
				GCC_WARN_ABOUT_RETURN_TYPE = YES_ERROR;
				GCC_WARN_UNDECLARED_SELECTOR = YES;
				GCC_WARN_UNINITIALIZED_AUTOS = YES_AGGRESSIVE;
				GCC_WARN_UNUSED_FUNCTION = YES;
				GCC_WARN_UNUSED_VARIABLE = YES;
				IPHONEOS_DEPLOYMENT_TARGET = 18.1;
				LOCALIZATION_PREFERS_STRING_CATALOGS = YES;
				MTL_ENABLE_DEBUG_INFO = NO;
				MTL_FAST_MATH = YES;
				SDKROOT = iphoneos;
				SWIFT_COMPILATION_MODE = wholemodule;
				VALIDATE_PRODUCT = YES;
			};
			name = Release;
		};
		D8450CF82D0024BD00AEF539 /* Debug */ = {
			isa = XCBuildConfiguration;
			buildSettings = {
				BUNDLE_LOADER = "$(TEST_HOST)";
				CODE_SIGN_STYLE = Automatic;
				CURRENT_PROJECT_VERSION = 1;
				GENERATE_INFOPLIST_FILE = YES;
				IPHONEOS_DEPLOYMENT_TARGET = 18.1;
				MARKETING_VERSION = 1.0;
				PRODUCT_BUNDLE_IDENTIFIER = com.table.in.EventMateTests;
				PRODUCT_NAME = "$(TARGET_NAME)";
				SWIFT_EMIT_LOC_STRINGS = NO;
				SWIFT_VERSION = 5.0;
				TARGETED_DEVICE_FAMILY = "1,2";
				TEST_HOST = "$(BUILT_PRODUCTS_DIR)/EventMate.app/$(BUNDLE_EXECUTABLE_FOLDER_PATH)/EventMate";
			};
			name = Debug;
		};
		D8450CF92D0024BD00AEF539 /* Release */ = {
			isa = XCBuildConfiguration;
			buildSettings = {
				BUNDLE_LOADER = "$(TEST_HOST)";
				CODE_SIGN_STYLE = Automatic;
				CURRENT_PROJECT_VERSION = 1;
				GENERATE_INFOPLIST_FILE = YES;
				IPHONEOS_DEPLOYMENT_TARGET = 18.1;
				MARKETING_VERSION = 1.0;
				PRODUCT_BUNDLE_IDENTIFIER = com.table.in.EventMateTests;
				PRODUCT_NAME = "$(TARGET_NAME)";
				SWIFT_EMIT_LOC_STRINGS = NO;
				SWIFT_VERSION = 5.0;
				TARGETED_DEVICE_FAMILY = "1,2";
				TEST_HOST = "$(BUILT_PRODUCTS_DIR)/EventMate.app/$(BUNDLE_EXECUTABLE_FOLDER_PATH)/EventMate";
			};
			name = Release;
		};
		D8450CFB2D0024BD00AEF539 /* Debug */ = {
			isa = XCBuildConfiguration;
			buildSettings = {
				CODE_SIGN_STYLE = Automatic;
				CURRENT_PROJECT_VERSION = 1;
				GENERATE_INFOPLIST_FILE = YES;
				MARKETING_VERSION = 1.0;
				PRODUCT_BUNDLE_IDENTIFIER = com.table.in.EventMateUITests;
				PRODUCT_NAME = "$(TARGET_NAME)";
				SWIFT_EMIT_LOC_STRINGS = NO;
				SWIFT_VERSION = 5.0;
				TARGETED_DEVICE_FAMILY = "1,2";
				TEST_TARGET_NAME = EventMate;
			};
			name = Debug;
		};
		D8450CFC2D0024BD00AEF539 /* Release */ = {
			isa = XCBuildConfiguration;
			buildSettings = {
				CODE_SIGN_STYLE = Automatic;
				CURRENT_PROJECT_VERSION = 1;
				GENERATE_INFOPLIST_FILE = YES;
				MARKETING_VERSION = 1.0;
				PRODUCT_BUNDLE_IDENTIFIER = com.table.in.EventMateUITests;
				PRODUCT_NAME = "$(TARGET_NAME)";
				SWIFT_EMIT_LOC_STRINGS = NO;
				SWIFT_VERSION = 5.0;
				TARGETED_DEVICE_FAMILY = "1,2";
				TEST_TARGET_NAME = EventMate;
			};
			name = Release;
		};
/* End XCBuildConfiguration section */

/* Begin XCConfigurationList section */
		D8450CC42D0024BB00AEF539 /* Build configuration list for PBXProject "EventMate" */ = {
			isa = XCConfigurationList;
			buildConfigurations = (
				D8450CF52D0024BD00AEF539 /* Debug */,
				D8450CF62D0024BD00AEF539 /* Release */,
			);
			defaultConfigurationIsVisible = 0;
			defaultConfigurationName = Release;
		};
		D8450CF22D0024BD00AEF539 /* Build configuration list for PBXNativeTarget "EventMate" */ = {
			isa = XCConfigurationList;
			buildConfigurations = (
				D8450CF32D0024BD00AEF539 /* Debug */,
				D8450CF42D0024BD00AEF539 /* Release */,
			);
			defaultConfigurationIsVisible = 0;
			defaultConfigurationName = Release;
		};
		D8450CF72D0024BD00AEF539 /* Build configuration list for PBXNativeTarget "EventMateTests" */ = {
			isa = XCConfigurationList;
			buildConfigurations = (
				D8450CF82D0024BD00AEF539 /* Debug */,
				D8450CF92D0024BD00AEF539 /* Release */,
			);
			defaultConfigurationIsVisible = 0;
			defaultConfigurationName = Release;
		};
		D8450CFA2D0024BD00AEF539 /* Build configuration list for PBXNativeTarget "EventMateUITests" */ = {
			isa = XCConfigurationList;
			buildConfigurations = (
				D8450CFB2D0024BD00AEF539 /* Debug */,
				D8450CFC2D0024BD00AEF539 /* Release */,
			);
			defaultConfigurationIsVisible = 0;
			defaultConfigurationName = Release;
		};
/* End XCConfigurationList section */
	};
	rootObject = D8450CC12D0024BB00AEF539 /* Project object */;
}
